
Microsoft Visual Studio Solution File, Format Version 12.00
# Visual Studio Version 17
VisualStudioVersion = 17.2.32519.379
MinimumVisualStudioVersion = 10.0.40219.1
Project("{FAE04EC0-301F-11D3-BF4B-00C04F79EFBC}") = "MonAmiMacaronsBlazorWebAssembly.Server", "MonAmiMacaronsBlazorWebAssembly\Server\MonAmiMacaronsBlazorWebAssembly.Server.csproj", "{E2BB2391-8E05-494F-A7A5-D874700B4400}"
EndProject
Project("{FAE04EC0-301F-11D3-BF4B-00C04F79EFBC}") = "MonAmiMacaronsBlazorWebAssembly.Client", "MonAmiMacaronsBlazorWebAssembly\Client\MonAmiMacaronsBlazorWebAssembly.Client.csproj", "{861E3CFD-EB61-42AC-BD7B-F0DD9A19396D}"
EndProject
Project("{FAE04EC0-301F-11D3-BF4B-00C04F79EFBC}") = "MonAmiMacaronsBlazorWebAssembly.Shared", "MonAmiMacaronsBlazorWebAssembly\Shared\MonAmiMacaronsBlazorWebAssembly.Shared.csproj", "{4170F141-F3D4-42F4-AB9E-7A91BA8E8162}"
EndProject
Global
	GlobalSection(SolutionConfigurationPlatforms) = preSolution
		Debug|Any CPU = Debug|Any CPU
		Release|Any CPU = Release|Any CPU
	EndGlobalSection
	GlobalSection(ProjectConfigurationPlatforms) = postSolution
		{E2BB2391-8E05-494F-A7A5-D874700B4400}.Debug|Any CPU.ActiveCfg = Debug|Any CPU
		{E2BB2391-8E05-494F-A7A5-D874700B4400}.Debug|Any CPU.Build.0 = Debug|Any CPU
		{E2BB2391-8E05-494F-A7A5-D874700B4400}.Release|Any CPU.ActiveCfg = Release|Any CPU
		{E2BB2391-8E05-494F-A7A5-D874700B4400}.Release|Any CPU.Build.0 = Release|Any CPU
		{861E3CFD-EB61-42AC-BD7B-F0DD9A19396D}.Debug|Any CPU.ActiveCfg = Debug|Any CPU
		{861E3CFD-EB61-42AC-BD7B-F0DD9A19396D}.Debug|Any CPU.Build.0 = Debug|Any CPU
		{861E3CFD-EB61-42AC-BD7B-F0DD9A19396D}.Release|Any CPU.ActiveCfg = Release|Any CPU
		{861E3CFD-EB61-42AC-BD7B-F0DD9A19396D}.Release|Any CPU.Build.0 = Release|Any CPU
		{4170F141-F3D4-42F4-AB9E-7A91BA8E8162}.Debug|Any CPU.ActiveCfg = Debug|Any CPU
		{4170F141-F3D4-42F4-AB9E-7A91BA8E8162}.Debug|Any CPU.Build.0 = Debug|Any CPU
		{4170F141-F3D4-42F4-AB9E-7A91BA8E8162}.Release|Any CPU.ActiveCfg = Release|Any CPU
		{4170F141-F3D4-42F4-AB9E-7A91BA8E8162}.Release|Any CPU.Build.0 = Release|Any CPU
	EndGlobalSection
	GlobalSection(SolutionProperties) = preSolution
		HideSolutionNode = FALSE
	EndGlobalSection
	GlobalSection(ExtensibilityGlobals) = postSolution
		SolutionGuid = {3CC440B7-A5D5-4510-B97D-A397D4F5F292}
	EndGlobalSection
EndGlobal
